github.com/hugomods/icons/vendors/lucide v0.3.38 h1:Tgd7ukLN41MSEsYOHJfkHp9Uyn9zH3r8GqC5HycNAk4=
github.com/hugomods/icons/vendors/lucide v0.3.38/go.mod h1:SE34c2Z0QmYILU9gKRyU++s7Tra8datrpuVQaClX3so=
github.com/hugomods/icons/vendors/mdi v0.3.6 h1:CGMCi7aEHKBOYMdyKJF8FmEt1+9vV5Hvptp3qHY25Bo=
github.com/hugomods/icons/vendors/mdi v0.3.6/go.mod h1:XDQZ9k0Xmxy6Xh7idvjUkfb5DhDJmQPHCavlRHymSg8=
